// !$*UTF8*$!
{
	archiveVersion = 1;
	classes = {
	};
	objectVersion = 50;
	objects = {

/* Begin PBXBuildFile section */
		B772FEC320EF211900D3D130 /* Koala.bundle in Resources */ = {isa = PBXBuildFile; fileRef = B772FEC120EF211900D3D130 /* Koala.bundle */; };
		B772FEC520EF212700D3D130 /* KoalaGameKit.framework in Frameworks */ = {isa = PBXBuildFile; fileRef = B772FEC220EF211900D3D130 /* KoalaGameKit.framework */; };
		B772FEC620EF212700D3D130 /* KoalaGameKit.framework in Embed Frameworks */ = {isa = PBXBuildFile; fileRef = B772FEC220EF211900D3D130 /* KoalaGameKit.framework */; settings = {ATTRIBUTES = (CodeSignOnCopy, RemoveHeadersOnCopy, ); }; };
		B7BC02EE20A5852500FC7FF6 /* AppDelegate.m in Sources */ = {isa = PBXBuildFile; fileRef = B7BC02ED20A5852500FC7FF6 /* AppDelegate.m */; };
		B7BC02F020A5852500FC7FF6 /* GameScene.sks in Resources */ = {isa = PBXBuildFile; fileRef = B7BC02EF20A5852500FC7FF6 /* GameScene.sks */; };
		B7BC02F220A5852500FC7FF6 /* Actions.sks in Resources */ = {isa = PBXBuildFile; fileRef = B7BC02F120A5852500FC7FF6 /* Actions.sks */; };
		B7BC02F520A5852500FC7FF6 /* GameScene.m in Sources */ = {isa = PBXBuildFile; fileRef = B7BC02F420A5852500FC7FF6 /* GameScene.m */; };
		B7BC02F820A5852500FC7FF6 /* GameViewController.m in Sources */ = {isa = PBXBuildFile; fileRef = B7BC02F720A5852500FC7FF6 /* GameViewController.m */; };
		B7BC02FB20A5852500FC7FF6 /* Main.storyboard in Resources */ = {isa = PBXBuildFile; fileRef = B7BC02F920A5852500FC7FF6 /* Main.storyboard */; };
		B7BC02FD20A5852700FC7FF6 /* Assets.xcassets in Resources */ = {isa = PBXBuildFile; fileRef = B7BC02FC20A5852700FC7FF6 /* Assets.xcassets */; };
		B7BC030020A5852700FC7FF6 /* LaunchScreen.storyboard in Resources */ = {isa = PBXBuildFile; fileRef = B7BC02FE20A5852700FC7FF6 /* LaunchScreen.storyboard */; };
		B7BC030320A5852800FC7FF6 /* main.m in Sources */ = {isa = PBXBuildFile; fileRef = B7BC030220A5852800FC7FF6 /* main.m */; };
/* End PBXBuildFile section */

/* Begin PBXCopyFilesBuildPhase section */
		B77071FF20C4DE4A00BC6BA7 /* Embed Frameworks */ = {
			isa = PBXCopyFilesBuildPhase;
			buildActionMask = 2147483647;
			dstPath = "";
			dstSubfolderSpec = 10;
			files = (
				B772FEC620EF212700D3D130 /* KoalaGameKit.framework in Embed Frameworks */,
			);
			name = "Embed Frameworks";
			runOnlyForDeploymentPostprocessing = 0;
		};
/* End PBXCopyFilesBuildPhase section */

/* Begin PBXFileReference section */
		B772FEC120EF211900D3D130 /* Koala.bundle */ = {isa = PBXFileReference; lastKnownFileType = "wrapper.plug-in"; path = Koala.bundle; sourceTree = "<group>"; };
		B772FEC220EF211900D3D130 /* KoalaGameKit.framework */ = {isa = PBXFileReference; lastKnownFileType = wrapper.framework; path = KoalaGameKit.framework; sourceTree = "<group>"; };
		B7BC02E920A5852500FC7FF6 /* KoalaGameKitDEMO.app */ = {isa = PBXFileReference; explicitFileType = wrapper.application; includeInIndex = 0; path = KoalaGameKitDEMO.app; sourceTree = BUILT_PRODUCTS_DIR; };
		B7BC02EC20A5852500FC7FF6 /* AppDelegate.h */ = {isa = PBXFileReference; lastKnownFileType = sourcecode.c.h; path = AppDelegate.h; sourceTree = "<group>"; };
		B7BC02ED20A5852500FC7FF6 /* AppDelegate.m */ = {isa = PBXFileReference; lastKnownFileType = sourcecode.c.objc; path = AppDelegate.m; sourceTree = "<group>"; };
		B7BC02EF20A5852500FC7FF6 /* GameScene.sks */ = {isa = PBXFileReference; lastKnownFileType = file.sks; path = GameScene.sks; sourceTree = "<group>"; };
		B7BC02F120A5852500FC7FF6 /* Actions.sks */ = {isa = PBXFileReference; lastKnownFileType = file.sks; path = Actions.sks; sourceTree = "<group>"; };
		B7BC02F320A5852500FC7FF6 /* GameScene.h */ = {isa = PBXFileReference; lastKnownFileType = sourcecode.c.h; path = GameScene.h; sourceTree = "<group>"; };
		B7BC02F420A5852500FC7FF6 /* GameScene.m */ = {isa = PBXFileReference; lastKnownFileType = sourcecode.c.objc; path = GameScene.m; sourceTree = "<group>"; };
		B7BC02F620A5852500FC7FF6 /* GameViewController.h */ = {isa = PBXFileReference; lastKnownFileType = sourcecode.c.h; path = GameViewController.h; sourceTree = "<group>"; };
		B7BC02F720A5852500FC7FF6 /* GameViewController.m */ = {isa = PBXFileReference; lastKnownFileType = sourcecode.c.objc; path = GameViewController.m; sourceTree = "<group>"; };
		B7BC02FA20A5852500FC7FF6 /* Base */ = {isa = PBXFileReference; lastKnownFileType = file.storyboard; name = Base; path = Base.lproj/Main.storyboard; sourceTree = "<group>"; };
		B7BC02FC20A5852700FC7FF6 /* Assets.xcassets */ = {isa = PBXFileReference; lastKnownFileType = folder.assetcatalog; path = Assets.xcassets; sourceTree = "<group>"; };
		B7BC02FF20A5852700FC7FF6 /* Base */ = {isa = PBXFileReference; lastKnownFileType = file.storyboard; name = Base; path = Base.lproj/LaunchScreen.storyboard; sourceTree = "<group>"; };
		B7BC030120A5852800FC7FF6 /* Info.plist */ = {isa = PBXFileReference; lastKnownFileType = text.plist.xml; path = Info.plist; sourceTree = "<group>"; };
		B7BC030220A5852800FC7FF6 /* main.m */ = {isa = PBXFileReference; lastKnownFileType = sourcecode.c.objc; path = main.m; sourceTree = "<group>"; };
/* End PBXFileReference section */

/* Begin PBXFrameworksBuildPhase section */
		B7BC02E620A5852500FC7FF6 /* Frameworks */ = {
			isa = PBXFrameworksBuildPhase;
			buildActionMask = 2147483647;
			files = (
				B772FEC520EF212700D3D130 /* KoalaGameKit.framework in Frameworks */,
			);
			runOnlyForDeploymentPostprocessing = 0;
		};
/* End PBXFrameworksBuildPhase section */

/* Begin PBXGroup section */
		B772FEC020EF211900D3D130 /* koalagamekit */ = {
			isa = PBXGroup;
			children = (
				B772FEC120EF211900D3D130 /* Koala.bundle */,
				B772FEC220EF211900D3D130 /* KoalaGameKit.framework */,
			);
			path = koalagamekit;
			sourceTree = "<group>";
		};
		B7BC02E020A5852500FC7FF6 = {
			isa = PBXGroup;
			children = (
				B7BC02EB20A5852500FC7FF6 /* KoalaGameKitDEMO */,
				B7BC02EA20A5852500FC7FF6 /* Products */,
			);
			sourceTree = "<group>";
		};
		B7BC02EA20A5852500FC7FF6 /* Products */ = {
			isa = PBXGroup;
			children = (
				B7BC02E920A5852500FC7FF6 /* KoalaGameKitDEMO.app */,
			);
			name = Products;
			sourceTree = "<group>";
		};
		B7BC02EB20A5852500FC7FF6 /* KoalaGameKitDEMO */ = {
			isa = PBXGroup;
			children = (
				B772FEC020EF211900D3D130 /* koalagamekit */,
				B7BC02EC20A5852500FC7FF6 /* AppDelegate.h */,
				B7BC02ED20A5852500FC7FF6 /* AppDelegate.m */,
				B7BC02EF20A5852500FC7FF6 /* GameScene.sks */,
				B7BC02F120A5852500FC7FF6 /* Actions.sks */,
				B7BC02F320A5852500FC7FF6 /* GameScene.h */,
				B7BC02F420A5852500FC7FF6 /* GameScene.m */,
				B7BC02F620A5852500FC7FF6 /* GameViewController.h */,
				B7BC02F720A5852500FC7FF6 /* GameViewController.m */,
				B7BC02F920A5852500FC7FF6 /* Main.storyboard */,
				B7BC02FC20A5852700FC7FF6 /* Assets.xcassets */,
				B7BC02FE20A5852700FC7FF6 /* LaunchScreen.storyboard */,
				B7BC030120A5852800FC7FF6 /* Info.plist */,
				B7BC030220A5852800FC7FF6 /* main.m */,
			);
			path = KoalaGameKitDEMO;
			sourceTree = "<group>";
		};
/* End PBXGroup section */

/* Begin PBXNativeTarget section */
		B7BC02E820A5852500FC7FF6 /* KoalaGameKitDEMO */ = {
			isa = PBXNativeTarget;
			buildConfigurationList = B7BC030620A5852800FC7FF6 /* Build configuration list for PBXNativeTarget "KoalaGameKitDEMO" */;
			buildPhases = (
				B7BC02E520A5852500FC7FF6 /* Sources */,
				B7BC02E620A5852500FC7FF6 /* Frameworks */,
				B7BC02E720A5852500FC7FF6 /* Resources */,
				B77071FF20C4DE4A00BC6BA7 /* Embed Frameworks */,
			);
			buildRules = (
			);
			dependencies = (
			);
			name = KoalaGameKitDEMO;
			productName = KoalaGameKitDEMO;
			productReference = B7BC02E920A5852500FC7FF6 /* KoalaGameKitDEMO.app */;
			productType = "com.apple.product-type.application";
		};
/* End PBXNativeTarget section */

/* Begin PBXProject section */
		B7BC02E120A5852500FC7FF6 /* Project object */ = {
			isa = PBXProject;
			attributes = {
				LastUpgradeCheck = 0930;
				ORGANIZATIONNAME = "kaola ";
				TargetAttributes = {
					B7BC02E820A5852500FC7FF6 = {
						CreatedOnToolsVersion = 9.3;
					};
				};
			};
			buildConfigurationList = B7BC02E420A5852500FC7FF6 /* Build configuration list for PBXProject "KoalaGameKitDEMO" */;
			compatibilityVersion = "Xcode 9.3";
			developmentRegion = en;
			hasScannedForEncodings = 0;
			knownRegions = (
				en,
				Base,
			);
			mainGroup = B7BC02E020A5852500FC7FF6;
			productRefGroup = B7BC02EA20A5852500FC7FF6 /* Products */;
			projectDirPath = "";
			projectRoot = "";
			targets = (
				B7BC02E820A5852500FC7FF6 /* KoalaGameKitDEMO */,
			);
		};
/* End PBXProject section */

/* Begin PBXResourcesBuildPhase section */
		B7BC02E720A5852500FC7FF6 /* Resources */ = {
			isa = PBXResourcesBuildPhase;
			buildActionMask = 2147483647;
			files = (
				B7BC02FB20A5852500FC7FF6 /* Main.storyboard in Resources */,
				B7BC02F020A5852500FC7FF6 /* GameScene.sks in Resources */,
				B7BC02FD20A5852700FC7FF6 /* Assets.xcassets in Resources */,
				B7BC030020A5852700FC7FF6 /* LaunchScreen.storyboard in Resources */,
				B772FEC320EF211900D3D130 /* Koala.bundle in Resources */,
				B7BC02F220A5852500FC7FF6 /* Actions.sks in Resources */,
			);
			runOnlyForDeploymentPostprocessing = 0;
		};
/* End PBXResourcesBuildPhase section */

/* Begin PBXSourcesBuildPhase section */
		B7BC02E520A5852500FC7FF6 /* Sources */ = {
			isa = PBXSourcesBuildPhase;
			buildActionMask = 2147483647;
			files = (
				B7BC02F520A5852500FC7FF6 /* GameScene.m in Sources */,
				B7BC02F820A5852500FC7FF6 /* GameViewController.m in Sources */,
				B7BC030320A5852800FC7FF6 /* main.m in Sources */,
				B7BC02EE20A5852500FC7FF6 /* AppDelegate.m in Sources */,
			);
			runOnlyForDeploymentPostprocessing = 0;
		};
/* End PBXSourcesBuildPhase section */

/* Begin PBXVariantGroup section */
		B7BC02F920A5852500FC7FF6 /* Main.storyboard */ = {
			isa = PBXVariantGroup;
			children = (
				B7BC02FA20A5852500FC7FF6 /* Base */,
			);
			name = Main.storyboard;
			sourceTree = "<group>";
		};
		B7BC02FE20A5852700FC7FF6 /* LaunchScreen.storyboard */ = {
			isa = PBXVariantGroup;
			children = (
				B7BC02FF20A5852700FC7FF6 /* Base */,
			);
			name = LaunchScreen.storyboard;
			sourceTree = "<group>";
		};
/* End PBXVariantGroup section */

/* Begin XCBuildConfiguration section */
		B7BC030420A5852800FC7FF6 /* Debug */ = {
			isa = XCBuildConfiguration;
			buildSettings = {
				ALWAYS_SEARCH_USER_PATHS = NO;
				CLANG_ANALYZER_NONNULL = YES;
				CLANG_ANALYZER_NUMBER_OBJECT_CONVERSION = YES_AGGRESSIVE;
				CLANG_CXX_LANGUAGE_STANDARD = "gnu++14";
				CLANG_CXX_LIBRARY = "libc++";
				CLANG_ENABLE_MODULES = YES;
				CLANG_ENABLE_OBJC_ARC = YES;
				CLANG_ENABLE_OBJC_WEAK = YES;
				CLANG_WARN_BLOCK_CAPTURE_AUTORELEASING = YES;
				CLANG_WARN_BOOL_CONVERSION = YES;
				CLANG_WARN_COMMA = YES;
				CLANG_WARN_CONSTANT_CONVERSION = YES;
				CLANG_WARN_DEPRECATED_OBJC_IMPLEMENTATIONS = YES;
				CLANG_WARN_DIRECT_OBJC_ISA_USAGE = YES_ERROR;
				CLANG_WARN_DOCUMENTATION_COMMENTS = YES;
				CLANG_WARN_EMPTY_BODY = YES;
				CLANG_WARN_ENUM_CONVERSION = YES;
				CLANG_WARN_INFINITE_RECURSION = YES;
				CLANG_WARN_INT_CONVERSION = YES;
				CLANG_WARN_NON_LITERAL_NULL_CONVERSION = YES;
				CLANG_WARN_OBJC_IMPLICIT_RETAIN_SELF = YES;
				CLANG_WARN_OBJC_LITERAL_CONVERSION = YES;
				CLANG_WARN_OBJC_ROOT_CLASS = YES_ERROR;
				CLANG_WARN_RANGE_LOOP_ANALYSIS = YES;
				CLANG_WARN_STRICT_PROTOTYPES = YES;
				CLANG_WARN_SUSPICIOUS_MOVE = YES;
				CLANG_WARN_UNGUARDED_AVAILABILITY = YES_AGGRESSIVE;
				CLANG_WARN_UNREACHABLE_CODE = YES;
				CLANG_WARN__DUPLICATE_METHOD_MATCH = YES;
				CODE_SIGN_IDENTITY = "iPhone Developer";
				COPY_PHASE_STRIP = NO;
				DEBUG_INFORMATION_FORMAT = dwarf;
				ENABLE_STRICT_OBJC_MSGSEND = YES;
				ENABLE_TESTABILITY = YES;
				GCC_C_LANGUAGE_STANDARD = gnu11;
				GCC_DYNAMIC_NO_PIC = NO;
				GCC_NO_COMMON_BLOCKS = YES;
				GCC_OPTIMIZATION_LEVEL = 0;
				GCC_PREPROCESSOR_DEFINITIONS = (
					"DEBUG=1",
					"$(inherited)",
				);
				GCC_WARN_64_TO_32_BIT_CONVERSION = YES;
				GCC_WARN_ABOUT_RETURN_TYPE = YES_ERROR;
				GCC_WARN_UNDECLARED_SELECTOR = YES;
				GCC_WARN_UNINITIALIZED_AUTOS = YES_AGGRESSIVE;
				GCC_WARN_UNUSED_FUNCTION = YES;
				GCC_WARN_UNUSED_VARIABLE = YES;
				IPHONEOS_DEPLOYMENT_TARGET = 11.3;
				MTL_ENABLE_DEBUG_INFO = YES;
				ONLY_ACTIVE_ARCH = YES;
				SDKROOT = iphoneos;
			};
			name = Debug;
		};
		B7BC030520A5852800FC7FF6 /* Release */ = {
			isa = XCBuildConfiguration;
			buildSettings = {
				ALWAYS_SEARCH_USER_PATHS = NO;
				CLANG_ANALYZER_NONNULL = YES;
				CLANG_ANALYZER_NUMBER_OBJECT_CONVERSION = YES_AGGRESSIVE;
				CLANG_CXX_LANGUAGE_STANDARD = "gnu++14";
				CLANG_CXX_LIBRARY = "libc++";
				CLANG_ENABLE_MODULES = YES;
				CLANG_ENABLE_OBJC_ARC = YES;
				CLANG_ENABLE_OBJC_WEAK = YES;
				CLANG_WARN_BLOCK_CAPTURE_AUTORELEASING = YES;
				CLANG_WARN_BOOL_CONVERSION = YES;
				CLANG_WARN_COMMA = YES;
				CLANG_WARN_CONSTANT_CONVERSION = YES;
				CLANG_WARN_DEPRECATED_OBJC_IMPLEMENTATIONS = YES;
				CLANG_WARN_DIRECT_OBJC_ISA_USAGE = YES_ERROR;
				CLANG_WARN_DOCUMENTATION_COMMENTS = YES;
				CLANG_WARN_EMPTY_BODY = YES;
				CLANG_WARN_ENUM_CONVERSION = YES;
				CLANG_WARN_INFINITE_RECURSION = YES;
				CLANG_WARN_INT_CONVERSION = YES;
				CLANG_WARN_NON_LITERAL_NULL_CONVERSION = YES;
				CLANG_WARN_OBJC_IMPLICIT_RETAIN_SELF = YES;
				CLANG_WARN_OBJC_LITERAL_CONVERSION = YES;
				CLANG_WARN_OBJC_ROOT_CLASS = YES_ERROR;
				CLANG_WARN_RANGE_LOOP_ANALYSIS = YES;
				CLANG_WARN_STRICT_PROTOTYPES = YES;
				CLANG_WARN_SUSPICIOUS_MOVE = YES;
				CLANG_WARN_UNGUARDED_AVAILABILITY = YES_AGGRESSIVE;
				CLANG_WARN_UNREACHABLE_CODE = YES;
				CLANG_WARN__DUPLICATE_METHOD_MATCH = YES;
				CODE_SIGN_IDENTITY = "iPhone Developer";
				COPY_PHASE_STRIP = NO;
				DEBUG_INFORMATION_FORMAT = "dwarf-with-dsym";
				ENABLE_NS_ASSERTIONS = NO;
				ENABLE_STRICT_OBJC_MSGSEND = YES;
				GCC_C_LANGUAGE_STANDARD = gnu11;
				GCC_NO_COMMON_BLOCKS = YES;
				GCC_WARN_64_TO_32_BIT_CONVERSION = YES;
				GCC_WARN_ABOUT_RETURN_TYPE = YES_ERROR;
				GCC_WARN_UNDECLARED_SELECTOR = YES;
				GCC_WARN_UNINITIALIZED_AUTOS = YES_AGGRESSIVE;
				GCC_WARN_UNUSED_FUNCTION = YES;
				GCC_WARN_UNUSED_VARIABLE = YES;
				IPHONEOS_DEPLOYMENT_TARGET = 11.3;
				MTL_ENABLE_DEBUG_INFO = NO;
				SDKROOT = iphoneos;
				VALIDATE_PRODUCT = YES;
			};
			name = Release;
		};
		B7BC030720A5852800FC7FF6 /* Debug */ = {
			isa = XCBuildConfiguration;
			buildSettings = {
				ASSETCATALOG_COMPILER_APPICON_NAME = AppIcon;
				CLANG_ALLOW_NON_MODULAR_INCLUDES_IN_FRAMEWORK_MODULES = NO;
				CODE_SIGN_STYLE = Manual;
				DEVELOPMENT_TEAM = CH78CKY35H;
				FRAMEWORK_SEARCH_PATHS = (
					"$(inherited)",
					"$(PROJECT_DIR)/KoalaGameKitDEMO/koalagamekit-2-0-8",
					"$(PROJECT_DIR)/KoalaGameKitDEMO/koalagamekit",
				);
				INFOPLIST_FILE = KoalaGameKitDEMO/Info.plist;
				IPHONEOS_DEPLOYMENT_TARGET = 8.0;
				LD_RUNPATH_SEARCH_PATHS = (
					"$(inherited)",
					"@executable_path/Frameworks",
				);
				PRODUCT_BUNDLE_IDENTIFIER = com.kaolasdk.test20180321;
				PRODUCT_NAME = "$(TARGET_NAME)";
				PROVISIONING_PROFILE = "c302fc8e-5af3-440a-9443-a4dfd16089e0";
				PROVISIONING_PROFILE_SPECIFIER = sdktest_20180321_0420_dev;
				TARGETED_DEVICE_FAMILY = "1,2";
			};
			name = Debug;
		};
		B7BC030820A5852800FC7FF6 /* Release */ = {
			isa = XCBuildConfiguration;
			buildSettings = {
				ASSETCATALOG_COMPILER_APPICON_NAME = AppIcon;
				CLANG_ALLOW_NON_MODULAR_INCLUDES_IN_FRAMEWORK_MODULES = NO;
				CODE_SIGN_STYLE = Manual;
				DEVELOPMENT_TEAM = CH78CKY35H;
				FRAMEWORK_SEARCH_PATHS = (
					"$(inherited)",
					"$(PROJECT_DIR)/KoalaGameKitDEMO/koalagamekit-2-0-8",
					"$(PROJECT_DIR)/KoalaGameKitDEMO/koalagamekit",
				);
				INFOPLIST_FILE = KoalaGameKitDEMO/Info.plist;
				IPHONEOS_DEPLOYMENT_TARGET = 8.0;
				LD_RUNPATH_SEARCH_PATHS = (
					"$(inherited)",
					"@executable_path/Frameworks",
				);
				PRODUCT_BUNDLE_IDENTIFIER = com.kaolasdk.test20180321;
				PRODUCT_NAME = "$(TARGET_NAME)";
				PROVISIONING_PROFILE = "e334f6e5-2cb4-4d39-bc98-ced7bede0e0e";
				PROVISIONING_PROFILE_SPECIFIER = sdktest_20180321_dev;
				TARGETED_DEVICE_FAMILY = "1,2";
			};
			name = Release;
		};
/* End XCBuildConfiguration section */

/* Begin XCConfigurationList section */
		B7BC02E420A5852500FC7FF6 /* Build configuration list for PBXProject "KoalaGameKitDEMO" */ = {
			isa = XCConfigurationList;
			buildConfigurations = (
				B7BC030420A5852800FC7FF6 /* Debug */,
				B7BC030520A5852800FC7FF6 /* Release */,
			);
			defaultConfigurationIsVisible = 0;
			defaultConfigurationName = Release;
		};
		B7BC030620A5852800FC7FF6 /* Build configuration list for PBXNativeTarget "KoalaGameKitDEMO" */ = {
			isa = XCConfigurationList;
			buildConfigurations = (
				B7BC030720A5852800FC7FF6 /* Debug */,
				B7BC030820A5852800FC7FF6 /* Release */,
			);
			defaultConfigurationIsVisible = 0;
			defaultConfigurationName = Release;
		};
/* End XCConfigurationList section */
	};
	rootObject = B7BC02E120A5852500FC7FF6 /* Project object */;
}
